# This file was autogenerated by uv via the following command:
#    uv pip compile requirements.txt --output-file=requirements.lock --strip-extras
alembic==1.19.1
    # via -r requirements.txt
amqp==5.3.1
    # via kombu
annotated-types==0.8.0
    # via pydantic
anyio==4.14.2
    # via
    #   httpx
    #   starlette
asgiref==3.12.1
    # via opentelemetry-instrumentation-asgi
babel==2.18.0
    # via tkcalendar
bandit==1.9.4
    # via -r requirements.txt
bcrypt==4.0.1
    # via -r requirements.txt
billiard==4.2.4
    # via celery
celery==5.6.3
    # via -r requirements.txt
certifi==2026.7.22
    # via
    #   httpcore
    #   httpx
    #   requests
charset-normalizer==3.5.1
    # via requests
click==8.4.2
    # via
    #   celery
    #   click-didyoumean
    #   click-plugins
    #   click-repl
    #   uvicorn
click-didyoumean==0.3.1
    # via celery
click-plugins==1.1.1.2
    # via celery
click-repl==0.3.0
    # via celery
cloudpickle==3.1.2
    # via shap
colorama==0.4.6
    # via
    #   bandit
    #   click
    #   pytest
    #   tqdm
contourpy==1.3.3
    # via matplotlib
coverage==7.15.4
    # via -r requirements.txt
customtkinter==5.2.2
    # via -r requirements.txt
cycler==0.12.1
    # via matplotlib
darkdetect==0.8.0
    # via customtkinter
dnspython==2.8.0
    # via email-validator
email-validator==2.2.0
    # via -r requirements.txt
et-xmlfile==2.0.0
    # via openpyxl
faker==20.1.0
    # via -r requirements.txt
fastapi==0.115.14
    # via -r requirements.txt
fonttools==4.63.0
    # via matplotlib
googleapis-common-protos==1.75.1
    # via
    #   opentelemetry-exporter-otlp-proto-grpc
    #   opentelemetry-exporter-otlp-proto-http
greenlet==3.5.5
    # via sqlalchemy
grpcio==1.83.0
    # via opentelemetry-exporter-otlp-proto-grpc
h11==0.16.0
    # via
    #   httpcore
    #   uvicorn
httpcore==1.0.9
    # via httpx
httpx==0.27.2
    # via -r requirements.txt
idna==3.19
    # via
    #   anyio
    #   email-validator
    #   httpx
    #   requests
iniconfig==2.3.0
    # via pytest
joblib==1.5.3
    # via scikit-learn
kiwisolver==1.5.0
    # via matplotlib
kombu==5.6.2
    # via celery
llvmlite==0.49.0
    # via
    #   numba
    #   shap
mako==1.4.1
    # via alembic
markdown-it-py==4.2.0
    # via rich
markupsafe==3.0.3
    # via mako
matplotlib==3.11.1
    # via
    #   -r requirements.txt
    #   mplcursors
    #   seaborn
mdurl==0.1.2
    # via markdown-it-py
mplcursors==0.7.1
    # via -r requirements.txt
narwhals==2.25.0
    # via scikit-learn
numba==0.67.0
    # via shap
numpy==2.2.6
    # via
    #   -r requirements.txt
    #   contourpy
    #   matplotlib
    #   numba
    #   opencv-python
    #   pandas
    #   scikit-learn
    #   scipy
    #   seaborn
    #   shap
    #   xgboost
opencv-python==4.11.0.86
    # via -r requirements.txt
openpyxl==3.1.2
    # via -r requirements.txt
opentelemetry-api==1.44.0
    # via
    #   -r requirements.txt
    #   opentelemetry-exporter-otlp-proto-grpc
    #   opentelemetry-exporter-otlp-proto-http
    #   opentelemetry-instrumentation
    #   opentelemetry-instrumentation-asgi
    #   opentelemetry-instrumentation-fastapi
    #   opentelemetry-sdk
    #   opentelemetry-semantic-conventions
opentelemetry-exporter-otlp==1.44.0
    # via -r requirements.txt
opentelemetry-exporter-otlp-proto-common==1.44.0
    # via
    #   opentelemetry-exporter-otlp-proto-grpc
    #   opentelemetry-exporter-otlp-proto-http
opentelemetry-exporter-otlp-proto-grpc==1.44.0
    # via opentelemetry-exporter-otlp
opentelemetry-exporter-otlp-proto-http==1.44.0
    # via opentelemetry-exporter-otlp
opentelemetry-instrumentation==0.65b0
    # via
    #   opentelemetry-instrumentation-asgi
    #   opentelemetry-instrumentation-fastapi
opentelemetry-instrumentation-asgi==0.65b0
    # via opentelemetry-instrumentation-fastapi
opentelemetry-instrumentation-fastapi==0.65b0
    # via -r requirements.txt
opentelemetry-proto==1.44.0
    # via
    #   opentelemetry-exporter-otlp-proto-common
    #   opentelemetry-exporter-otlp-proto-grpc
    #   opentelemetry-exporter-otlp-proto-http
opentelemetry-sdk==1.44.0
    # via
    #   -r requirements.txt
    #   opentelemetry-exporter-otlp-proto-grpc
    #   opentelemetry-exporter-otlp-proto-http
opentelemetry-semantic-conventions==0.65b0
    # via
    #   opentelemetry-instrumentation
    #   opentelemetry-instrumentation-asgi
    #   opentelemetry-instrumentation-fastapi
    #   opentelemetry-sdk
opentelemetry-util-http==0.65b0
    # via
    #   opentelemetry-instrumentation-asgi
    #   opentelemetry-instrumentation-fastapi
packaging==26.3
    # via
    #   customtkinter
    #   kombu
    #   matplotlib
    #   opentelemetry-instrumentation
    #   pytest
    #   shap
pandas==2.3.3
    # via
    #   -r requirements.txt
    #   seaborn
    #   shap
pillow==12.3.0
    # via
    #   -r requirements.txt
    #   matplotlib
    #   reportlab
pluggy==1.6.0
    # via pytest
plyer==2.1.0
    # via -r requirements.txt
prometheus-client==0.26.0
    # via -r requirements.txt
prompt-toolkit==3.0.53
    # via click-repl
protobuf==7.36.0
    # via
    #   googleapis-common-protos
    #   opentelemetry-proto
psycopg2-binary==2.9.12
    # via -r requirements.txt
pydantic==2.11.10
    # via
    #   -r requirements.txt
    #   fastapi
pydantic-core==2.33.2
    # via pydantic
pygments==2.21.0
    # via
    #   pytest
    #   rich
pyjwt==2.10.1
    # via -r requirements.txt
pyotp==2.9.0
    # via -r requirements.txt
pyparsing==3.3.2
    # via matplotlib
pytest==9.1.1
    # via -r requirements.txt
python-dateutil==2.9.0.post0
    # via
    #   celery
    #   faker
    #   matplotlib
    #   pandas
python-dotenv==1.2.3
    # via -r requirements.txt
pytz==2026.3.post1
    # via pandas
pyyaml==6.0.3
    # via bandit
redis==8.1.0
    # via -r requirements.txt
reportlab==4.0.7
    # via -r requirements.txt
requests==2.34.2
    # via opentelemetry-exporter-otlp-proto-http
rich==15.0.0
    # via bandit
ruff==0.16.4
    # via -r requirements.txt
scikit-learn==1.9.0
    # via
    #   -r requirements.txt
    #   shap
scipy==1.15.3
    # via
    #   -r requirements.txt
    #   scikit-learn
    #   shap
    #   xgboost
seaborn==0.13.2
    # via -r requirements.txt
shap==0.52.0
    # via -r requirements.txt
six==1.17.0
    # via python-dateutil
slicer==0.0.8
    # via shap
sniffio==1.3.1
    # via httpx
sqlalchemy==2.0.52
    # via
    #   -r requirements.txt
    #   alembic
starlette==0.46.2
    # via fastapi
stevedore==5.9.1
    # via bandit
threadpoolctl==3.6.0
    # via scikit-learn
tkcalendar==1.6.1
    # via -r requirements.txt
tqdm==4.67.3
    # via
    #   -r requirements.txt
    #   shap
typing-extensions==4.16.0
    # via
    #   alembic
    #   anyio
    #   fastapi
    #   grpcio
    #   opentelemetry-api
    #   opentelemetry-exporter-otlp-proto-grpc
    #   opentelemetry-exporter-otlp-proto-http
    #   opentelemetry-sdk
    #   opentelemetry-semantic-conventions
    #   pydantic
    #   pydantic-core
    #   sqlalchemy
    #   typing-inspection
typing-inspection==0.4.4
    # via pydantic
tzdata==2026.3
    # via
    #   kombu
    #   pandas
    #   tzlocal
tzlocal==5.4.4
    # via celery
urllib3==2.7.0
    # via requests
uvicorn==0.34.3
    # via -r requirements.txt
vine==5.1.0
    # via
    #   amqp
    #   celery
    #   kombu
wcwidth==0.8.2
    # via prompt-toolkit
wrapt==2.3.0
    # via opentelemetry-instrumentation
xgboost==3.4.1
    # via -r requirements.txt
